// !$*UTF8*$!
{
	archiveVersion = 1;
	classes = {
	};
	objectVersion = 56;
	objects = {

/* Begin PBXBuildFile section */
		CD27CB142C63A58E00DF1A05 /* AppDelegate.swift in Sources */ = {isa = PBXBuildFile; fileRef = CD27CB132C63A58E00DF1A05 /* AppDelegate.swift */; };
		CD27CB162C63A58E00DF1A05 /* SceneDelegate.swift in Sources */ = {isa = PBXBuildFile; fileRef = CD27CB152C63A58E00DF1A05 /* SceneDelegate.swift */; };
		CD27CB182C63A58E00DF1A05 /* SearchViewController.swift in Sources */ = {isa = PBXBuildFile; fileRef = CD27CB172C63A58E00DF1A05 /* SearchViewController.swift */; };
		CD27CB1D2C63A58F00DF1A05 /* Assets.xcassets in Resources */ = {isa = PBXBuildFile; fileRef = CD27CB1C2C63A58F00DF1A05 /* Assets.xcassets */; };
		CD27CB202C63A58F00DF1A05 /* Base in Resources */ = {isa = PBXBuildFile; fileRef = CD27CB1F2C63A58F00DF1A05 /* Base */; };
		CD27CB292C63ABF000DF1A05 /* Coordinator.swift in Sources */ = {isa = PBXBuildFile; fileRef = CD27CB282C63ABF000DF1A05 /* Coordinator.swift */; };
		CD27CB2B2C63AC3B00DF1A05 /* MainCoordinator.swift in Sources */ = {isa = PBXBuildFile; fileRef = CD27CB2A2C63AC3B00DF1A05 /* MainCoordinator.swift */; };
		CD27CB2E2C63ACB800DF1A05 /* WeatherModel.swift in Sources */ = {isa = PBXBuildFile; fileRef = CD27CB2D2C63ACB800DF1A05 /* WeatherModel.swift */; };
		CD27CB302C63B03500DF1A05 /* SearchViewModel.swift in Sources */ = {isa = PBXBuildFile; fileRef = CD27CB2F2C63B03500DF1A05 /* SearchViewModel.swift */; };
		CD27CB322C63B1FB00DF1A05 /* CityModel.swift in Sources */ = {isa = PBXBuildFile; fileRef = CD27CB312C63B1FB00DF1A05 /* CityModel.swift */; };
		CD529D992C665B08009697B2 /* CitiesService.swift in Sources */ = {isa = PBXBuildFile; fileRef = CD529D982C665B08009697B2 /* CitiesService.swift */; };
		CD529D9B2C665B2B009697B2 /* CitiesServiceType.swift in Sources */ = {isa = PBXBuildFile; fileRef = CD529D9A2C665B2B009697B2 /* CitiesServiceType.swift */; };
		CD529D9E2C665F6F009697B2 /* WeatherViewController.swift in Sources */ = {isa = PBXBuildFile; fileRef = CD529D9D2C665F6F009697B2 /* WeatherViewController.swift */; };
		CD529DA02C665F7A009697B2 /* WeatherViewModel.swift in Sources */ = {isa = PBXBuildFile; fileRef = CD529D9F2C665F7A009697B2 /* WeatherViewModel.swift */; };
		CD529DA22C666020009697B2 /* ViewModelType.swift in Sources */ = {isa = PBXBuildFile; fileRef = CD529DA12C666020009697B2 /* ViewModelType.swift */; };
		CD6C52212C67B28B0056D179 /* WeatherService.swift in Sources */ = {isa = PBXBuildFile; fileRef = CD6C52202C67B28B0056D179 /* WeatherService.swift */; };
		CD6C52232C67B3970056D179 /* WeatherServiceType.swift in Sources */ = {isa = PBXBuildFile; fileRef = CD6C52222C67B3970056D179 /* WeatherServiceType.swift */; };
		CD8CB3352C6A36420035C8F6 /* CurrentConditionsService.swift in Sources */ = {isa = PBXBuildFile; fileRef = CD8CB3342C6A36420035C8F6 /* CurrentConditionsService.swift */; };
		CD8CB3372C6A36480035C8F6 /* CurrentConditionsType.swift in Sources */ = {isa = PBXBuildFile; fileRef = CD8CB3362C6A36480035C8F6 /* CurrentConditionsType.swift */; };
		CD8CB3392C6A36950035C8F6 /* CurrentConditionsModel.swift in Sources */ = {isa = PBXBuildFile; fileRef = CD8CB3382C6A36950035C8F6 /* CurrentConditionsModel.swift */; };
		CDC036E02C662068009F1DCA /* CityTableViewCell.xib in Resources */ = {isa = PBXBuildFile; fileRef = CDC036DF2C662068009F1DCA /* CityTableViewCell.xib */; };
		CDC036E12C662068009F1DCA /* CityTableViewCell.swift in Sources */ = {isa = PBXBuildFile; fileRef = CDC036DE2C662068009F1DCA /* CityTableViewCell.swift */; };
/* End PBXBuildFile section */

/* Begin PBXFileReference section */
		CD27CB102C63A58E00DF1A05 /* WeatherApp.app */ = {isa = PBXFileReference; explicitFileType = wrapper.application; includeInIndex = 0; path = WeatherApp.app; sourceTree = BUILT_PRODUCTS_DIR; };
		CD27CB132C63A58E00DF1A05 /* AppDelegate.swift */ = {isa = PBXFileReference; lastKnownFileType = sourcecode.swift; path = AppDelegate.swift; sourceTree = "<group>"; };
		CD27CB152C63A58E00DF1A05 /* SceneDelegate.swift */ = {isa = PBXFileReference; lastKnownFileType = sourcecode.swift; path = SceneDelegate.swift; sourceTree = "<group>"; };
		CD27CB172C63A58E00DF1A05 /* SearchViewController.swift */ = {isa = PBXFileReference; lastKnownFileType = sourcecode.swift; path = SearchViewController.swift; sourceTree = "<group>"; };
		CD27CB1C2C63A58F00DF1A05 /* Assets.xcassets */ = {isa = PBXFileReference; lastKnownFileType = folder.assetcatalog; path = Assets.xcassets; sourceTree = "<group>"; };
		CD27CB1F2C63A58F00DF1A05 /* Base */ = {isa = PBXFileReference; lastKnownFileType = file.storyboard; name = Base; path = Base.lproj/LaunchScreen.storyboard; sourceTree = "<group>"; };
		CD27CB212C63A58F00DF1A05 /* Info.plist */ = {isa = PBXFileReference; lastKnownFileType = text.plist.xml; path = Info.plist; sourceTree = "<group>"; };
		CD27CB282C63ABF000DF1A05 /* Coordinator.swift */ = {isa = PBXFileReference; lastKnownFileType = sourcecode.swift; path = Coordinator.swift; sourceTree = "<group>"; };
		CD27CB2A2C63AC3B00DF1A05 /* MainCoordinator.swift */ = {isa = PBXFileReference; lastKnownFileType = sourcecode.swift; path = MainCoordinator.swift; sourceTree = "<group>"; };
		CD27CB2D2C63ACB800DF1A05 /* WeatherModel.swift */ = {isa = PBXFileReference; lastKnownFileType = sourcecode.swift; path = WeatherModel.swift; sourceTree = "<group>"; };
		CD27CB2F2C63B03500DF1A05 /* SearchViewModel.swift */ = {isa = PBXFileReference; lastKnownFileType = sourcecode.swift; path = SearchViewModel.swift; sourceTree = "<group>"; };
		CD27CB312C63B1FB00DF1A05 /* CityModel.swift */ = {isa = PBXFileReference; lastKnownFileType = sourcecode.swift; path = CityModel.swift; sourceTree = "<group>"; };
		CD529D982C665B08009697B2 /* CitiesService.swift */ = {isa = PBXFileReference; lastKnownFileType = sourcecode.swift; path = CitiesService.swift; sourceTree = "<group>"; };
		CD529D9A2C665B2B009697B2 /* CitiesServiceType.swift */ = {isa = PBXFileReference; lastKnownFileType = sourcecode.swift; path = CitiesServiceType.swift; sourceTree = "<group>"; };
		CD529D9D2C665F6F009697B2 /* WeatherViewController.swift */ = {isa = PBXFileReference; lastKnownFileType = sourcecode.swift; path = WeatherViewController.swift; sourceTree = "<group>"; };
		CD529D9F2C665F7A009697B2 /* WeatherViewModel.swift */ = {isa = PBXFileReference; lastKnownFileType = sourcecode.swift; path = WeatherViewModel.swift; sourceTree = "<group>"; };
		CD529DA12C666020009697B2 /* ViewModelType.swift */ = {isa = PBXFileReference; lastKnownFileType = sourcecode.swift; path = ViewModelType.swift; sourceTree = "<group>"; };
		CD6C52202C67B28B0056D179 /* WeatherService.swift */ = {isa = PBXFileReference; lastKnownFileType = sourcecode.swift; path = WeatherService.swift; sourceTree = "<group>"; };
		CD6C52222C67B3970056D179 /* WeatherServiceType.swift */ = {isa = PBXFileReference; lastKnownFileType = sourcecode.swift; path = WeatherServiceType.swift; sourceTree = "<group>"; };
		CD8CB3342C6A36420035C8F6 /* CurrentConditionsService.swift */ = {isa = PBXFileReference; lastKnownFileType = sourcecode.swift; path = CurrentConditionsService.swift; sourceTree = "<group>"; };
		CD8CB3362C6A36480035C8F6 /* CurrentConditionsType.swift */ = {isa = PBXFileReference; lastKnownFileType = sourcecode.swift; path = CurrentConditionsType.swift; sourceTree = "<group>"; };
		CD8CB3382C6A36950035C8F6 /* CurrentConditionsModel.swift */ = {isa = PBXFileReference; lastKnownFileType = sourcecode.swift; path = CurrentConditionsModel.swift; sourceTree = "<group>"; };
		CDC036DE2C662068009F1DCA /* CityTableViewCell.swift */ = {isa = PBXFileReference; lastKnownFileType = sourcecode.swift; path = CityTableViewCell.swift; sourceTree = "<group>"; };
		CDC036DF2C662068009F1DCA /* CityTableViewCell.xib */ = {isa = PBXFileReference; lastKnownFileType = file.xib; path = CityTableViewCell.xib; sourceTree = "<group>"; };
/* End PBXFileReference section */

/* Begin PBXFrameworksBuildPhase section */
		CD27CB0D2C63A58E00DF1A05 /* Frameworks */ = {
			isa = PBXFrameworksBuildPhase;
			buildActionMask = 2147483647;
			files = (
			);
			runOnlyForDeploymentPostprocessing = 0;
		};
/* End PBXFrameworksBuildPhase section */

/* Begin PBXGroup section */
		CD27CB072C63A58E00DF1A05 = {
			isa = PBXGroup;
			children = (
				CD27CB122C63A58E00DF1A05 /* WeatherApp */,
				CD27CB112C63A58E00DF1A05 /* Products */,
			);
			sourceTree = "<group>";
		};
		CD27CB112C63A58E00DF1A05 /* Products */ = {
			isa = PBXGroup;
			children = (
				CD27CB102C63A58E00DF1A05 /* WeatherApp.app */,
			);
			name = Products;
			sourceTree = "<group>";
		};
		CD27CB122C63A58E00DF1A05 /* WeatherApp */ = {
			isa = PBXGroup;
			children = (
				CD529D962C665AF3009697B2 /* Services */,
				CD27CB2C2C63ACA900DF1A05 /* Model */,
				CD27CB272C63ABDC00DF1A05 /* Public Protocols */,
				CD27CB2A2C63AC3B00DF1A05 /* MainCoordinator.swift */,
				CD27CB342C63B79800DF1A05 /* Classes */,
				CD529D942C663291009697B2 /* Supporting */,
			);
			path = WeatherApp;
			sourceTree = "<group>";
		};
		CD27CB272C63ABDC00DF1A05 /* Public Protocols */ = {
			isa = PBXGroup;
			children = (
				CD27CB282C63ABF000DF1A05 /* Coordinator.swift */,
				CD529DA12C666020009697B2 /* ViewModelType.swift */,
			);
			path = "Public Protocols";
			sourceTree = "<group>";
		};
		CD27CB2C2C63ACA900DF1A05 /* Model */ = {
			isa = PBXGroup;
			children = (
				CD27CB312C63B1FB00DF1A05 /* CityModel.swift */,
				CD27CB2D2C63ACB800DF1A05 /* WeatherModel.swift */,
				CD8CB3382C6A36950035C8F6 /* CurrentConditionsModel.swift */,
			);
			path = Model;
			sourceTree = "<group>";
		};
		CD27CB332C63B78B00DF1A05 /* TableViewCells */ = {
			isa = PBXGroup;
			children = (
				CDC036DE2C662068009F1DCA /* CityTableViewCell.swift */,
				CDC036DF2C662068009F1DCA /* CityTableViewCell.xib */,
			);
			path = TableViewCells;
			sourceTree = "<group>";
		};
		CD27CB342C63B79800DF1A05 /* Classes */ = {
			isa = PBXGroup;
			children = (
				CD529D952C6632BF009697B2 /* Cities list */,
				CD529D9C2C665F52009697B2 /* Weather page */,
			);
			path = Classes;
			sourceTree = "<group>";
		};
		CD529D942C663291009697B2 /* Supporting */ = {
			isa = PBXGroup;
			children = (
				CD27CB132C63A58E00DF1A05 /* AppDelegate.swift */,
				CD27CB152C63A58E00DF1A05 /* SceneDelegate.swift */,
				CD27CB1C2C63A58F00DF1A05 /* Assets.xcassets */,
				CD27CB212C63A58F00DF1A05 /* Info.plist */,
				CD27CB1E2C63A58F00DF1A05 /* LaunchScreen.storyboard */,
			);
			path = Supporting;
			sourceTree = "<group>";
		};
		CD529D952C6632BF009697B2 /* Cities list */ = {
			isa = PBXGroup;
			children = (
				CD27CB332C63B78B00DF1A05 /* TableViewCells */,
				CD27CB172C63A58E00DF1A05 /* SearchViewController.swift */,
				CD27CB2F2C63B03500DF1A05 /* SearchViewModel.swift */,
			);
			path = "Cities list";
			sourceTree = "<group>";
		};
		CD529D962C665AF3009697B2 /* Services */ = {
			isa = PBXGroup;
			children = (
				CD8CB3312C6A36240035C8F6 /* Current conditions */,
				CD529DA32C6660F2009697B2 /* Weather Service */,
				CD529D972C665AFF009697B2 /* Cities Service */,
			);
			path = Services;
			sourceTree = "<group>";
		};
		CD529D972C665AFF009697B2 /* Cities Service */ = {
			isa = PBXGroup;
			children = (
				CD529D982C665B08009697B2 /* CitiesService.swift */,
				CD529D9A2C665B2B009697B2 /* CitiesServiceType.swift */,
			);
			path = "Cities Service";
			sourceTree = "<group>";
		};
		CD529D9C2C665F52009697B2 /* Weather page */ = {
			isa = PBXGroup;
			children = (
				CD529D9D2C665F6F009697B2 /* WeatherViewController.swift */,
				CD529D9F2C665F7A009697B2 /* WeatherViewModel.swift */,
			);
			path = "Weather page";
			sourceTree = "<group>";
		};
		CD529DA32C6660F2009697B2 /* Weather Service */ = {
			isa = PBXGroup;
			children = (
				CD6C52202C67B28B0056D179 /* WeatherService.swift */,
				CD6C52222C67B3970056D179 /* WeatherServiceType.swift */,
			);
			path = "Weather Service";
			sourceTree = "<group>";
		};
		CD8CB3312C6A36240035C8F6 /* Current conditions */ = {
			isa = PBXGroup;
			children = (
				CD8CB3342C6A36420035C8F6 /* CurrentConditionsService.swift */,
				CD8CB3362C6A36480035C8F6 /* CurrentConditionsType.swift */,
			);
			path = "Current conditions";
			sourceTree = "<group>";
		};
/* End PBXGroup section */

/* Begin PBXNativeTarget section */
		CD27CB0F2C63A58E00DF1A05 /* WeatherApp */ = {
			isa = PBXNativeTarget;
			buildConfigurationList = CD27CB242C63A58F00DF1A05 /* Build configuration list for PBXNativeTarget "WeatherApp" */;
			buildPhases = (
				CD27CB0C2C63A58E00DF1A05 /* Sources */,
				CD27CB0D2C63A58E00DF1A05 /* Frameworks */,
				CD27CB0E2C63A58E00DF1A05 /* Resources */,
			);
			buildRules = (
			);
			dependencies = (
			);
			name = WeatherApp;
			productName = WeatherApp;
			productReference = CD27CB102C63A58E00DF1A05 /* WeatherApp.app */;
			productType = "com.apple.product-type.application";
		};
/* End PBXNativeTarget section */

/* Begin PBXProject section */
		CD27CB082C63A58E00DF1A05 /* Project object */ = {
			isa = PBXProject;
			attributes = {
				BuildIndependentTargetsInParallel = 1;
				LastSwiftUpdateCheck = 1540;
				LastUpgradeCheck = 1540;
				TargetAttributes = {
					CD27CB0F2C63A58E00DF1A05 = {
						CreatedOnToolsVersion = 15.4;
					};
				};
			};
			buildConfigurationList = CD27CB0B2C63A58E00DF1A05 /* Build configuration list for PBXProject "WeatherApp" */;
			compatibilityVersion = "Xcode 14.0";
			developmentRegion = en;
			hasScannedForEncodings = 0;
			knownRegions = (
				en,
				Base,
			);
			mainGroup = CD27CB072C63A58E00DF1A05;
			productRefGroup = CD27CB112C63A58E00DF1A05 /* Products */;
			projectDirPath = "";
			projectRoot = "";
			targets = (
				CD27CB0F2C63A58E00DF1A05 /* WeatherApp */,
			);
		};
/* End PBXProject section */

/* Begin PBXResourcesBuildPhase section */
		CD27CB0E2C63A58E00DF1A05 /* Resources */ = {
			isa = PBXResourcesBuildPhase;
			buildActionMask = 2147483647;
			files = (
				CD27CB1D2C63A58F00DF1A05 /* Assets.xcassets in Resources */,
				CD27CB202C63A58F00DF1A05 /* Base in Resources */,
				CDC036E02C662068009F1DCA /* CityTableViewCell.xib in Resources */,
			);
			runOnlyForDeploymentPostprocessing = 0;
		};
/* End PBXResourcesBuildPhase section */

/* Begin PBXSourcesBuildPhase section */
		CD27CB0C2C63A58E00DF1A05 /* Sources */ = {
			isa = PBXSourcesBuildPhase;
			buildActionMask = 2147483647;
			files = (
				CDC036E12C662068009F1DCA /* CityTableViewCell.swift in Sources */,
				CD529DA02C665F7A009697B2 /* WeatherViewModel.swift in Sources */,
				CD529D9E2C665F6F009697B2 /* WeatherViewController.swift in Sources */,
				CD8CB3352C6A36420035C8F6 /* CurrentConditionsService.swift in Sources */,
				CD27CB292C63ABF000DF1A05 /* Coordinator.swift in Sources */,
				CD27CB302C63B03500DF1A05 /* SearchViewModel.swift in Sources */,
				CD27CB182C63A58E00DF1A05 /* SearchViewController.swift in Sources */,
				CD6C52232C67B3970056D179 /* WeatherServiceType.swift in Sources */,
				CD529DA22C666020009697B2 /* ViewModelType.swift in Sources */,
				CD529D992C665B08009697B2 /* CitiesService.swift in Sources */,
				CD529D9B2C665B2B009697B2 /* CitiesServiceType.swift in Sources */,
				CD27CB142C63A58E00DF1A05 /* AppDelegate.swift in Sources */,
				CD8CB3392C6A36950035C8F6 /* CurrentConditionsModel.swift in Sources */,
				CD6C52212C67B28B0056D179 /* WeatherService.swift in Sources */,
				CD8CB3372C6A36480035C8F6 /* CurrentConditionsType.swift in Sources */,
				CD27CB322C63B1FB00DF1A05 /* CityModel.swift in Sources */,
				CD27CB2B2C63AC3B00DF1A05 /* MainCoordinator.swift in Sources */,
				CD27CB2E2C63ACB800DF1A05 /* WeatherModel.swift in Sources */,
				CD27CB162C63A58E00DF1A05 /* SceneDelegate.swift in Sources */,
			);
			runOnlyForDeploymentPostprocessing = 0;
		};
/* End PBXSourcesBuildPhase section */

/* Begin PBXVariantGroup section */
		CD27CB1E2C63A58F00DF1A05 /* LaunchScreen.storyboard */ = {
			isa = PBXVariantGroup;
			children = (
				CD27CB1F2C63A58F00DF1A05 /* Base */,
			);
			name = LaunchScreen.storyboard;
			sourceTree = "<group>";
		};
/* End PBXVariantGroup section */

/* Begin XCBuildConfiguration section */
		CD27CB222C63A58F00DF1A05 /* Debug */ = {
			isa = XCBuildConfiguration;
			buildSettings = {
				ALWAYS_SEARCH_USER_PATHS = NO;
				ASSETCATALOG_COMPILER_GENERATE_SWIFT_ASSET_SYMBOL_EXTENSIONS = YES;
				CLANG_ANALYZER_NONNULL = YES;
				CLANG_ANALYZER_NUMBER_OBJECT_CONVERSION = YES_AGGRESSIVE;
				CLANG_CXX_LANGUAGE_STANDARD = "gnu++20";
				CLANG_ENABLE_MODULES = YES;
				CLANG_ENABLE_OBJC_ARC = YES;
				CLANG_ENABLE_OBJC_WEAK = YES;
				CLANG_WARN_BLOCK_CAPTURE_AUTORELEASING = YES;
				CLANG_WARN_BOOL_CONVERSION = YES;
				CLANG_WARN_COMMA = YES;
				CLANG_WARN_CONSTANT_CONVERSION = YES;
				CLANG_WARN_DEPRECATED_OBJC_IMPLEMENTATIONS = YES;
				CLANG_WARN_DIRECT_OBJC_ISA_USAGE = YES_ERROR;
				CLANG_WARN_DOCUMENTATION_COMMENTS = YES;
				CLANG_WARN_EMPTY_BODY = YES;
				CLANG_WARN_ENUM_CONVERSION = YES;
				CLANG_WARN_INFINITE_RECURSION = YES;
				CLANG_WARN_INT_CONVERSION = YES;
				CLANG_WARN_NON_LITERAL_NULL_CONVERSION = YES;
				CLANG_WARN_OBJC_IMPLICIT_RETAIN_SELF = YES;
				CLANG_WARN_OBJC_LITERAL_CONVERSION = YES;
				CLANG_WARN_OBJC_ROOT_CLASS = YES_ERROR;
				CLANG_WARN_QUOTED_INCLUDE_IN_FRAMEWORK_HEADER = YES;
				CLANG_WARN_RANGE_LOOP_ANALYSIS = YES;
				CLANG_WARN_STRICT_PROTOTYPES = YES;
				CLANG_WARN_SUSPICIOUS_MOVE = YES;
				CLANG_WARN_UNGUARDED_AVAILABILITY = YES_AGGRESSIVE;
				CLANG_WARN_UNREACHABLE_CODE = YES;
				CLANG_WARN__DUPLICATE_METHOD_MATCH = YES;
				COPY_PHASE_STRIP = NO;
				DEBUG_INFORMATION_FORMAT = dwarf;
				ENABLE_STRICT_OBJC_MSGSEND = YES;
				ENABLE_TESTABILITY = YES;
				ENABLE_USER_SCRIPT_SANDBOXING = YES;
				GCC_C_LANGUAGE_STANDARD = gnu17;
				GCC_DYNAMIC_NO_PIC = NO;
				GCC_NO_COMMON_BLOCKS = YES;
				GCC_OPTIMIZATION_LEVEL = 0;
				GCC_PREPROCESSOR_DEFINITIONS = (
					"DEBUG=1",
					"$(inherited)",
				);
				GCC_WARN_64_TO_32_BIT_CONVERSION = YES;
				GCC_WARN_ABOUT_RETURN_TYPE = YES_ERROR;
				GCC_WARN_UNDECLARED_SELECTOR = YES;
				GCC_WARN_UNINITIALIZED_AUTOS = YES_AGGRESSIVE;
				GCC_WARN_UNUSED_FUNCTION = YES;
				GCC_WARN_UNUSED_VARIABLE = YES;
				IPHONEOS_DEPLOYMENT_TARGET = 17.5;
				LOCALIZATION_PREFERS_STRING_CATALOGS = YES;
				MTL_ENABLE_DEBUG_INFO = INCLUDE_SOURCE;
				MTL_FAST_MATH = YES;
				ONLY_ACTIVE_ARCH = YES;
				SDKROOT = iphoneos;
				SWIFT_ACTIVE_COMPILATION_CONDITIONS = "DEBUG $(inherited)";
				SWIFT_OPTIMIZATION_LEVEL = "-Onone";
			};
			name = Debug;
		};
		CD27CB232C63A58F00DF1A05 /* Release */ = {
			isa = XCBuildConfiguration;
			buildSettings = {
				ALWAYS_SEARCH_USER_PATHS = NO;
				ASSETCATALOG_COMPILER_GENERATE_SWIFT_ASSET_SYMBOL_EXTENSIONS = YES;
				CLANG_ANALYZER_NONNULL = YES;
				CLANG_ANALYZER_NUMBER_OBJECT_CONVERSION = YES_AGGRESSIVE;
				CLANG_CXX_LANGUAGE_STANDARD = "gnu++20";
				CLANG_ENABLE_MODULES = YES;
				CLANG_ENABLE_OBJC_ARC = YES;
				CLANG_ENABLE_OBJC_WEAK = YES;
				CLANG_WARN_BLOCK_CAPTURE_AUTORELEASING = YES;
				CLANG_WARN_BOOL_CONVERSION = YES;
				CLANG_WARN_COMMA = YES;
				CLANG_WARN_CONSTANT_CONVERSION = YES;
				CLANG_WARN_DEPRECATED_OBJC_IMPLEMENTATIONS = YES;
				CLANG_WARN_DIRECT_OBJC_ISA_USAGE = YES_ERROR;
				CLANG_WARN_DOCUMENTATION_COMMENTS = YES;
				CLANG_WARN_EMPTY_BODY = YES;
				CLANG_WARN_ENUM_CONVERSION = YES;
				CLANG_WARN_INFINITE_RECURSION = YES;
				CLANG_WARN_INT_CONVERSION = YES;
				CLANG_WARN_NON_LITERAL_NULL_CONVERSION = YES;
				CLANG_WARN_OBJC_IMPLICIT_RETAIN_SELF = YES;
				CLANG_WARN_OBJC_LITERAL_CONVERSION = YES;
				CLANG_WARN_OBJC_ROOT_CLASS = YES_ERROR;
				CLANG_WARN_QUOTED_INCLUDE_IN_FRAMEWORK_HEADER = YES;
				CLANG_WARN_RANGE_LOOP_ANALYSIS = YES;
				CLANG_WARN_STRICT_PROTOTYPES = YES;
				CLANG_WARN_SUSPICIOUS_MOVE = YES;
				CLANG_WARN_UNGUARDED_AVAILABILITY = YES_AGGRESSIVE;
				CLANG_WARN_UNREACHABLE_CODE = YES;
				CLANG_WARN__DUPLICATE_METHOD_MATCH = YES;
				COPY_PHASE_STRIP = NO;
				DEBUG_INFORMATION_FORMAT = "dwarf-with-dsym";
				ENABLE_NS_ASSERTIONS = NO;
				ENABLE_STRICT_OBJC_MSGSEND = YES;
				ENABLE_USER_SCRIPT_SANDBOXING = YES;
				GCC_C_LANGUAGE_STANDARD = gnu17;
				GCC_NO_COMMON_BLOCKS = YES;
				GCC_WARN_64_TO_32_BIT_CONVERSION = YES;
				GCC_WARN_ABOUT_RETURN_TYPE = YES_ERROR;
				GCC_WARN_UNDECLARED_SELECTOR = YES;
				GCC_WARN_UNINITIALIZED_AUTOS = YES_AGGRESSIVE;
				GCC_WARN_UNUSED_FUNCTION = YES;
				GCC_WARN_UNUSED_VARIABLE = YES;
				IPHONEOS_DEPLOYMENT_TARGET = 17.5;
				LOCALIZATION_PREFERS_STRING_CATALOGS = YES;
				MTL_ENABLE_DEBUG_INFO = NO;
				MTL_FAST_MATH = YES;
				SDKROOT = iphoneos;
				SWIFT_COMPILATION_MODE = wholemodule;
				VALIDATE_PRODUCT = YES;
			};
			name = Release;
		};
		CD27CB252C63A58F00DF1A05 /* Debug */ = {
			isa = XCBuildConfiguration;
			buildSettings = {
				ASSETCATALOG_COMPILER_APPICON_NAME = AppIcon;
				ASSETCATALOG_COMPILER_GLOBAL_ACCENT_COLOR_NAME = AccentColor;
				CODE_SIGN_STYLE = Automatic;
				CURRENT_PROJECT_VERSION = 1;
				DEVELOPMENT_TEAM = VQ64V5ZK3R;
				GENERATE_INFOPLIST_FILE = YES;
				INFOPLIST_FILE = WeatherApp/Supporting/Info.plist;
				INFOPLIST_KEY_UIApplicationSupportsIndirectInputEvents = YES;
				INFOPLIST_KEY_UILaunchStoryboardName = LaunchScreen;
				INFOPLIST_KEY_UISupportedInterfaceOrientations_iPad = "UIInterfaceOrientationPortrait UIInterfaceOrientationPortraitUpsideDown UIInterfaceOrientationLandscapeLeft UIInterfaceOrientationLandscapeRight";
				INFOPLIST_KEY_UISupportedInterfaceOrientations_iPhone = "UIInterfaceOrientationPortrait UIInterfaceOrientationLandscapeLeft UIInterfaceOrientationLandscapeRight";
				IPHONEOS_DEPLOYMENT_TARGET = 13.0;
				LD_RUNPATH_SEARCH_PATHS = (
					"$(inherited)",
					"@executable_path/Frameworks",
				);
				MARKETING_VERSION = 1.0;
				PRODUCT_BUNDLE_IDENTIFIER = com.vladkos.WeatherApp;
				PRODUCT_NAME = "$(TARGET_NAME)";
				SWIFT_EMIT_LOC_STRINGS = YES;
				SWIFT_VERSION = 5.0;
				TARGETED_DEVICE_FAMILY = "1,2";
			};
			name = Debug;
		};
		CD27CB262C63A58F00DF1A05 /* Release */ = {
			isa = XCBuildConfiguration;
			buildSettings = {
				ASSETCATALOG_COMPILER_APPICON_NAME = AppIcon;
				ASSETCATALOG_COMPILER_GLOBAL_ACCENT_COLOR_NAME = AccentColor;
				CODE_SIGN_STYLE = Automatic;
				CURRENT_PROJECT_VERSION = 1;
				DEVELOPMENT_TEAM = VQ64V5ZK3R;
				GENERATE_INFOPLIST_FILE = YES;
				INFOPLIST_FILE = WeatherApp/Supporting/Info.plist;
				INFOPLIST_KEY_UIApplicationSupportsIndirectInputEvents = YES;
				INFOPLIST_KEY_UILaunchStoryboardName = LaunchScreen;
				INFOPLIST_KEY_UISupportedInterfaceOrientations_iPad = "UIInterfaceOrientationPortrait UIInterfaceOrientationPortraitUpsideDown UIInterfaceOrientationLandscapeLeft UIInterfaceOrientationLandscapeRight";
				INFOPLIST_KEY_UISupportedInterfaceOrientations_iPhone = "UIInterfaceOrientationPortrait UIInterfaceOrientationLandscapeLeft UIInterfaceOrientationLandscapeRight";
				IPHONEOS_DEPLOYMENT_TARGET = 13.0;
				LD_RUNPATH_SEARCH_PATHS = (
					"$(inherited)",
					"@executable_path/Frameworks",
				);
				MARKETING_VERSION = 1.0;
				PRODUCT_BUNDLE_IDENTIFIER = com.vladkos.WeatherApp;
				PRODUCT_NAME = "$(TARGET_NAME)";
				SWIFT_EMIT_LOC_STRINGS = YES;
				SWIFT_VERSION = 5.0;
				TARGETED_DEVICE_FAMILY = "1,2";
			};
			name = Release;
		};
/* End XCBuildConfiguration section */

/* Begin XCConfigurationList section */
		CD27CB0B2C63A58E00DF1A05 /* Build configuration list for PBXProject "WeatherApp" */ = {
			isa = XCConfigurationList;
			buildConfigurations = (
				CD27CB222C63A58F00DF1A05 /* Debug */,
				CD27CB232C63A58F00DF1A05 /* Release */,
			);
			defaultConfigurationIsVisible = 0;
			defaultConfigurationName = Release;
		};
		CD27CB242C63A58F00DF1A05 /* Build configuration list for PBXNativeTarget "WeatherApp" */ = {
			isa = XCConfigurationList;
			buildConfigurations = (
				CD27CB252C63A58F00DF1A05 /* Debug */,
				CD27CB262C63A58F00DF1A05 /* Release */,
			);
			defaultConfigurationIsVisible = 0;
			defaultConfigurationName = Release;
		};
/* End XCConfigurationList section */
	};
	rootObject = CD27CB082C63A58E00DF1A05 /* Project object */;
}
